# This file is automatically @generated by Cargo.
# It is not intended for manual editing.
[[package]]
name = "main"
version = "0.1.0"
dependencies = [
 "r01_display 0.1.0",
 "r02_testlist 0.1.0",
]

[[package]]
name = "r01_display"
version = "0.1.0"

[[package]]
name = "r02_testlist"
version = "0.1.0"

