# This file is automatically @generated by Cargo.
# It is not intended for manual editing.
[[package]]
name = "main"
version = "0.1.0"
dependencies = [
 "r01_display 0.1.0",
 "r02_testlist 0.1.0",
 "r03_format 0.1.0",
 "r04_datatype 0.1.0",
 "r05_literal 0.1.0",
 "r06_tuple 0.1.0",
 "r07_array_slice 0.1.0",
 "r08_struct 0.1.0",
 "r09_enum 0.1.0",
 "r10_enum_use 0.1.0",
 "r11_enum_cstyle 0.1.0",
 "r12_testcase_linklist 0.1.0",
 "r13_const 0.1.0",
 "r14_variable_bind 0.1.0",
 "r15_mut_variable 0.1.0",
 "r16_scope_shadowing 0.1.0",
 "r17_type_convert 0.1.0",
 "r18_literal_variable 0.1.0",
 "r19_type_deduce 0.1.0",
 "r20_alias 0.1.0",
]

[[package]]
name = "r01_display"
version = "0.1.0"

[[package]]
name = "r02_testlist"
version = "0.1.0"

[[package]]
name = "r03_format"
version = "0.1.0"

[[package]]
name = "r04_datatype"
version = "0.1.0"

[[package]]
name = "r05_literal"
version = "0.1.0"

[[package]]
name = "r06_tuple"
version = "0.1.0"

[[package]]
name = "r07_array_slice"
version = "0.1.0"

[[package]]
name = "r08_struct"
version = "0.1.0"

[[package]]
name = "r09_enum"
version = "0.1.0"

[[package]]
name = "r10_enum_use"
version = "0.1.0"

[[package]]
name = "r11_enum_cstyle"
version = "0.1.0"

[[package]]
name = "r12_testcase_linklist"
version = "0.1.0"

[[package]]
name = "r13_const"
version = "0.1.0"

[[package]]
name = "r14_variable_bind"
version = "0.1.0"

[[package]]
name = "r15_mut_variable"
version = "0.1.0"

[[package]]
name = "r16_scope_shadowing"
version = "0.1.0"

[[package]]
name = "r17_type_convert"
version = "0.1.0"

[[package]]
name = "r18_literal_variable"
version = "0.1.0"

[[package]]
name = "r19_type_deduce"
version = "0.1.0"

[[package]]
name = "r20_alias"
version = "0.1.0"

